
Microsoft Visual Studio Solution File, Format Version 12.00
# Visual Studio 2012
Project("{FAE04EC0-301F-11D3-BF4B-00C04F79EFBC}") = "Mass and Weight", "Mass and Weight\Mass and Weight.csproj", "{B4C31E0D-9229-4924-A451-11AF84C04259}"
EndProject
Global
	GlobalSection(SolutionConfigurationPlatforms) = preSolution
		Debug|Any CPU = Debug|Any CPU
		Release|Any CPU = Release|Any CPU
	EndGlobalSection
	GlobalSection(ProjectConfigurationPlatforms) = postSolution
		{B4C31E0D-9229-4924-A451-11AF84C04259}.Debug|Any CPU.ActiveCfg = Debug|Any CPU
		{B4C31E0D-9229-4924-A451-11AF84C04259}.Debug|Any CPU.Build.0 = Debug|Any CPU
		{B4C31E0D-9229-4924-A451-11AF84C04259}.Release|Any CPU.ActiveCfg = Release|Any CPU
		{B4C31E0D-9229-4924-A451-11AF84C04259}.Release|Any CPU.Build.0 = Release|Any CPU
	EndGlobalSection
	GlobalSection(SolutionProperties) = preSolution
		HideSolutionNode = FALSE
	EndGlobalSection
EndGlobal
